
Microsoft Visual Studio Solution File, Format Version 12.00
# Visual Studio 15
VisualStudioVersion = 15.0.26228.9
MinimumVisualStudioVersion = 10.0.40219.1
Project("{2150E333-8FDC-42A3-9474-1A3956D46DE8}") = "Db", "Db", "{320BA257-9766-4364-988A-0CF7986758E9}"
	ProjectSection(SolutionItems) = preProject
		Db\jms_create.sql = Db\jms_create.sql
		Db\jms_data.sql = Db\jms_data.sql
	EndProjectSection
EndProject
Project("{9A19103F-16F7-4668-BE54-9A1E7A4F7556}") = "JMS.Bot", "JMS.Bot\JMS.Bot.csproj", "{940EEE3E-FE91-4DF3-BD7E-C532574AC6AD}"
EndProject
Global
	GlobalSection(SolutionConfigurationPlatforms) = preSolution
		Debug|Any CPU = Debug|Any CPU
		Release|Any CPU = Release|Any CPU
	EndGlobalSection
	GlobalSection(ProjectConfigurationPlatforms) = postSolution
		{940EEE3E-FE91-4DF3-BD7E-C532574AC6AD}.Debug|Any CPU.ActiveCfg = Debug|Any CPU
		{940EEE3E-FE91-4DF3-BD7E-C532574AC6AD}.Debug|Any CPU.Build.0 = Debug|Any CPU
		{940EEE3E-FE91-4DF3-BD7E-C532574AC6AD}.Release|Any CPU.ActiveCfg = Release|Any CPU
		{940EEE3E-FE91-4DF3-BD7E-C532574AC6AD}.Release|Any CPU.Build.0 = Release|Any CPU
	EndGlobalSection
	GlobalSection(SolutionProperties) = preSolution
		HideSolutionNode = FALSE
	EndGlobalSection
EndGlobal
